
Microsoft Visual Studio Solution File, Format Version 12.00
# Visual Studio 15
VisualStudioVersion = 15.0.27130.2036
MinimumVisualStudioVersion = 10.0.40219.1
Project("{FAE04EC0-301F-11D3-BF4B-00C04F79EFBC}") = "Twaddle.Tests", "Twaddle.Tests\Twaddle.Tests.csproj", "{AEC28A20-95F8-466E-AFBD-6029C771442F}"
EndProject
Project("{FAE04EC0-301F-11D3-BF4B-00C04F79EFBC}") = "Twaddle.Core", "Twaddle.Library\Twaddle.Core.csproj", "{27BE3108-7D8A-4B38-A900-BE8877D91452}"
EndProject
Global
	GlobalSection(SolutionConfigurationPlatforms) = preSolution
		Debug|Any CPU = Debug|Any CPU
		Release|Any CPU = Release|Any CPU
	EndGlobalSection
	GlobalSection(ProjectConfigurationPlatforms) = postSolution
		{AEC28A20-95F8-466E-AFBD-6029C771442F}.Debug|Any CPU.ActiveCfg = Debug|Any CPU
		{AEC28A20-95F8-466E-AFBD-6029C771442F}.Debug|Any CPU.Build.0 = Debug|Any CPU
		{AEC28A20-95F8-466E-AFBD-6029C771442F}.Release|Any CPU.ActiveCfg = Release|Any CPU
		{AEC28A20-95F8-466E-AFBD-6029C771442F}.Release|Any CPU.Build.0 = Release|Any CPU
		{27BE3108-7D8A-4B38-A900-BE8877D91452}.Debug|Any CPU.ActiveCfg = Debug|Any CPU
		{27BE3108-7D8A-4B38-A900-BE8877D91452}.Debug|Any CPU.Build.0 = Debug|Any CPU
		{27BE3108-7D8A-4B38-A900-BE8877D91452}.Release|Any CPU.ActiveCfg = Release|Any CPU
		{27BE3108-7D8A-4B38-A900-BE8877D91452}.Release|Any CPU.Build.0 = Release|Any CPU
	EndGlobalSection
	GlobalSection(SolutionProperties) = preSolution
		HideSolutionNode = FALSE
	EndGlobalSection
	GlobalSection(ExtensibilityGlobals) = postSolution
		SolutionGuid = {0290C458-396E-4F3C-8ED2-42355B4FE029}
	EndGlobalSection
EndGlobal
